
Microsoft Visual Studio Solution File, Format Version 12.00
# Visual Studio 14
VisualStudioVersion = 14.0.24720.0
MinimumVisualStudioVersion = 10.0.40219.1
Project("{FAE04EC0-301F-11D3-BF4B-00C04F79EFBC}") = "yozh", "yozh\yozh.csproj", "{2049C471-D2FD-4518-96F8-4E620851C4CC}"
EndProject
Project("{FAE04EC0-301F-11D3-BF4B-00C04F79EFBC}") = "testacount", "testacount\testacount.csproj", "{4F06B5DA-7B5A-40A4-85A4-660D4C017EB3}"
EndProject
Global
	GlobalSection(SolutionConfigurationPlatforms) = preSolution
		Debug|Any CPU = Debug|Any CPU
		Release|Any CPU = Release|Any CPU
	EndGlobalSection
	GlobalSection(ProjectConfigurationPlatforms) = postSolution
		{2049C471-D2FD-4518-96F8-4E620851C4CC}.Debug|Any CPU.ActiveCfg = Debug|Any CPU
		{2049C471-D2FD-4518-96F8-4E620851C4CC}.Debug|Any CPU.Build.0 = Debug|Any CPU
		{2049C471-D2FD-4518-96F8-4E620851C4CC}.Release|Any CPU.ActiveCfg = Release|Any CPU
		{2049C471-D2FD-4518-96F8-4E620851C4CC}.Release|Any CPU.Build.0 = Release|Any CPU
		{4F06B5DA-7B5A-40A4-85A4-660D4C017EB3}.Debug|Any CPU.ActiveCfg = Debug|Any CPU
		{4F06B5DA-7B5A-40A4-85A4-660D4C017EB3}.Debug|Any CPU.Build.0 = Debug|Any CPU
		{4F06B5DA-7B5A-40A4-85A4-660D4C017EB3}.Release|Any CPU.ActiveCfg = Release|Any CPU
		{4F06B5DA-7B5A-40A4-85A4-660D4C017EB3}.Release|Any CPU.Build.0 = Release|Any CPU
	EndGlobalSection
	GlobalSection(SolutionProperties) = preSolution
		HideSolutionNode = FALSE
	EndGlobalSection
EndGlobal
